// !$*UTF8*$!
{
	archiveVersion = 1;
	classes = {
	};
	objectVersion = 46;
	objects = {

/* Begin PBXBuildFile section */
		BEC8E07D19F5978D00A0F74F /* main.cpp in Sources */ = {isa = PBXBuildFile; fileRef = BEC8E07C19F5978D00A0F74F /* main.cpp */; };
/* End PBXBuildFile section */

/* Begin PBXCopyFilesBuildPhase section */
		BEC8E07719F5978D00A0F74F /* CopyFiles */ = {
			isa = PBXCopyFilesBuildPhase;
			buildActionMask = 2147483647;
			dstPath = /usr/share/man/man1/;
			dstSubfolderSpec = 0;
			files = (
			);
			runOnlyForDeploymentPostprocessing = 1;
		};
/* End PBXCopyFilesBuildPhase section */

/* Begin PBXFileReference section */
		BE43F9BE19F9D28E00C49433 /* LinearHashTable.h */ = {isa = PBXFileReference; lastKnownFileType = sourcecode.c.h; path = LinearHashTable.h; sourceTree = "<group>"; };
		BEC8E07919F5978D00A0F74F /* Assignment3 */ = {isa = PBXFileReference; explicitFileType = "compiled.mach-o.executable"; includeInIndex = 0; path = Assignment3; sourceTree = BUILT_PRODUCTS_DIR; };
		BEC8E07C19F5978D00A0F74F /* main.cpp */ = {isa = PBXFileReference; lastKnownFileType = sourcecode.cpp.cpp; path = main.cpp; sourceTree = "<group>"; };
		BEC8E08519F597B800A0F74F /* ChainedHashTable.h */ = {isa = PBXFileReference; lastKnownFileType = sourcecode.c.h; path = ChainedHashTable.h; sourceTree = "<group>"; };
		BEC8E08619F597B800A0F74F /* ArrayStack.h */ = {isa = PBXFileReference; lastKnownFileType = sourcecode.c.h; path = ArrayStack.h; sourceTree = "<group>"; };
		BEC8E08719F597B800A0F74F /* DLList.h */ = {isa = PBXFileReference; lastKnownFileType = sourcecode.c.h; path = DLList.h; sourceTree = "<group>"; };
		BEC8E08819F597B800A0F74F /* utils.h */ = {isa = PBXFileReference; lastKnownFileType = sourcecode.c.h; path = utils.h; sourceTree = "<group>"; };
		BEC8E08919F597F100A0F74F /* array.h */ = {isa = PBXFileReference; lastKnownFileType = sourcecode.c.h; path = array.h; sourceTree = "<group>"; };
/* End PBXFileReference section */

/* Begin PBXFrameworksBuildPhase section */
		BEC8E07619F5978D00A0F74F /* Frameworks */ = {
			isa = PBXFrameworksBuildPhase;
			buildActionMask = 2147483647;
			files = (
			);
			runOnlyForDeploymentPostprocessing = 0;
		};
/* End PBXFrameworksBuildPhase section */

/* Begin PBXGroup section */
		BEC8E07019F5978D00A0F74F = {
			isa = PBXGroup;
			children = (
				BEC8E07B19F5978D00A0F74F /* Assignment3 */,
				BEC8E07A19F5978D00A0F74F /* Products */,
			);
			sourceTree = "<group>";
		};
		BEC8E07A19F5978D00A0F74F /* Products */ = {
			isa = PBXGroup;
			children = (
				BEC8E07919F5978D00A0F74F /* Assignment3 */,
			);
			name = Products;
			sourceTree = "<group>";
		};
		BEC8E07B19F5978D00A0F74F /* Assignment3 */ = {
			isa = PBXGroup;
			children = (
				BE43F9BE19F9D28E00C49433 /* LinearHashTable.h */,
				BEC8E08919F597F100A0F74F /* array.h */,
				BEC8E08519F597B800A0F74F /* ChainedHashTable.h */,
				BEC8E08619F597B800A0F74F /* ArrayStack.h */,
				BEC8E08719F597B800A0F74F /* DLList.h */,
				BEC8E08819F597B800A0F74F /* utils.h */,
				BEC8E07C19F5978D00A0F74F /* main.cpp */,
			);
			path = Assignment3;
			sourceTree = "<group>";
		};
/* End PBXGroup section */

/* Begin PBXNativeTarget section */
		BEC8E07819F5978D00A0F74F /* Assignment3 */ = {
			isa = PBXNativeTarget;
			buildConfigurationList = BEC8E08219F5978D00A0F74F /* Build configuration list for PBXNativeTarget "Assignment3" */;
			buildPhases = (
				BEC8E07519F5978D00A0F74F /* Sources */,
				BEC8E07619F5978D00A0F74F /* Frameworks */,
				BEC8E07719F5978D00A0F74F /* CopyFiles */,
			);
			buildRules = (
			);
			dependencies = (
			);
			name = Assignment3;
			productName = Assignment3;
			productReference = BEC8E07919F5978D00A0F74F /* Assignment3 */;
			productType = "com.apple.product-type.tool";
		};
/* End PBXNativeTarget section */

/* Begin PBXProject section */
		BEC8E07119F5978D00A0F74F /* Project object */ = {
			isa = PBXProject;
			attributes = {
				LastUpgradeCheck = 0510;
				ORGANIZATIONNAME = Jimmy;
			};
			buildConfigurationList = BEC8E07419F5978D00A0F74F /* Build configuration list for PBXProject "Assignment3" */;
			compatibilityVersion = "Xcode 3.2";
			developmentRegion = English;
			hasScannedForEncodings = 0;
			knownRegions = (
				en,
			);
			mainGroup = BEC8E07019F5978D00A0F74F;
			productRefGroup = BEC8E07A19F5978D00A0F74F /* Products */;
			projectDirPath = "";
			projectRoot = "";
			targets = (
				BEC8E07819F5978D00A0F74F /* Assignment3 */,
			);
		};
/* End PBXProject section */

/* Begin PBXSourcesBuildPhase section */
		BEC8E07519F5978D00A0F74F /* Sources */ = {
			isa = PBXSourcesBuildPhase;
			buildActionMask = 2147483647;
			files = (
				BEC8E07D19F5978D00A0F74F /* main.cpp in Sources */,
			);
			runOnlyForDeploymentPostprocessing = 0;
		};
/* End PBXSourcesBuildPhase section */

/* Begin XCBuildConfiguration section */
		BEC8E08019F5978D00A0F74F /* Debug */ = {
			isa = XCBuildConfiguration;
			buildSettings = {
				ALWAYS_SEARCH_USER_PATHS = NO;
				CLANG_CXX_LANGUAGE_STANDARD = "gnu++0x";
				CLANG_CXX_LIBRARY = "libc++";
				CLANG_ENABLE_MODULES = YES;
				CLANG_ENABLE_OBJC_ARC = YES;
				CLANG_WARN_BOOL_CONVERSION = YES;
				CLANG_WARN_CONSTANT_CONVERSION = YES;
				CLANG_WARN_DIRECT_OBJC_ISA_USAGE = YES_ERROR;
				CLANG_WARN_EMPTY_BODY = YES;
				CLANG_WARN_ENUM_CONVERSION = YES;
				CLANG_WARN_INT_CONVERSION = YES;
				CLANG_WARN_OBJC_ROOT_CLASS = YES_ERROR;
				CLANG_WARN__DUPLICATE_METHOD_MATCH = YES;
				COPY_PHASE_STRIP = NO;
				GCC_C_LANGUAGE_STANDARD = gnu99;
				GCC_DYNAMIC_NO_PIC = NO;
				GCC_ENABLE_OBJC_EXCEPTIONS = YES;
				GCC_OPTIMIZATION_LEVEL = 0;
				GCC_PREPROCESSOR_DEFINITIONS = (
					"DEBUG=1",
					"$(inherited)",
				);
				GCC_SYMBOLS_PRIVATE_EXTERN = NO;
				GCC_WARN_64_TO_32_BIT_CONVERSION = YES;
				GCC_WARN_ABOUT_RETURN_TYPE = YES_ERROR;
				GCC_WARN_UNDECLARED_SELECTOR = YES;
				GCC_WARN_UNINITIALIZED_AUTOS = YES_AGGRESSIVE;
				GCC_WARN_UNUSED_FUNCTION = YES;
				GCC_WARN_UNUSED_VARIABLE = YES;
				MACOSX_DEPLOYMENT_TARGET = 10.8;
				ONLY_ACTIVE_ARCH = YES;
				SDKROOT = macosx;
			};
			name = Debug;
		};
		BEC8E08119F5978D00A0F74F /* Release */ = {
			isa = XCBuildConfiguration;
			buildSettings = {
				ALWAYS_SEARCH_USER_PATHS = NO;
				CLANG_CXX_LANGUAGE_STANDARD = "gnu++0x";
				CLANG_CXX_LIBRARY = "libc++";
				CLANG_ENABLE_MODULES = YES;
				CLANG_ENABLE_OBJC_ARC = YES;
				CLANG_WARN_BOOL_CONVERSION = YES;
				CLANG_WARN_CONSTANT_CONVERSION = YES;
				CLANG_WARN_DIRECT_OBJC_ISA_USAGE = YES_ERROR;
				CLANG_WARN_EMPTY_BODY = YES;
				CLANG_WARN_ENUM_CONVERSION = YES;
				CLANG_WARN_INT_CONVERSION = YES;
				CLANG_WARN_OBJC_ROOT_CLASS = YES_ERROR;
				CLANG_WARN__DUPLICATE_METHOD_MATCH = YES;
				COPY_PHASE_STRIP = YES;
				DEBUG_INFORMATION_FORMAT = "dwarf-with-dsym";
				ENABLE_NS_ASSERTIONS = NO;
				GCC_C_LANGUAGE_STANDARD = gnu99;
				GCC_ENABLE_OBJC_EXCEPTIONS = YES;
				GCC_WARN_64_TO_32_BIT_CONVERSION = YES;
				GCC_WARN_ABOUT_RETURN_TYPE = YES_ERROR;
				GCC_WARN_UNDECLARED_SELECTOR = YES;
				GCC_WARN_UNINITIALIZED_AUTOS = YES_AGGRESSIVE;
				GCC_WARN_UNUSED_FUNCTION = YES;
				GCC_WARN_UNUSED_VARIABLE = YES;
				MACOSX_DEPLOYMENT_TARGET = 10.8;
				SDKROOT = macosx;
			};
			name = Release;
		};
		BEC8E08319F5978D00A0F74F /* Debug */ = {
			isa = XCBuildConfiguration;
			buildSettings = {
				PRODUCT_NAME = "$(TARGET_NAME)";
			};
			name = Debug;
		};
		BEC8E08419F5978D00A0F74F /* Release */ = {
			isa = XCBuildConfiguration;
			buildSettings = {
				PRODUCT_NAME = "$(TARGET_NAME)";
			};
			name = Release;
		};
/* End XCBuildConfiguration section */

/* Begin XCConfigurationList section */
		BEC8E07419F5978D00A0F74F /* Build configuration list for PBXProject "Assignment3" */ = {
			isa = XCConfigurationList;
			buildConfigurations = (
				BEC8E08019F5978D00A0F74F /* Debug */,
				BEC8E08119F5978D00A0F74F /* Release */,
			);
			defaultConfigurationIsVisible = 0;
			defaultConfigurationName = Release;
		};
		BEC8E08219F5978D00A0F74F /* Build configuration list for PBXNativeTarget "Assignment3" */ = {
			isa = XCConfigurationList;
			buildConfigurations = (
				BEC8E08319F5978D00A0F74F /* Debug */,
				BEC8E08419F5978D00A0F74F /* Release */,
			);
			defaultConfigurationIsVisible = 0;
			defaultConfigurationName = Release;
		};
/* End XCConfigurationList section */
	};
	rootObject = BEC8E07119F5978D00A0F74F /* Project object */;
}
